
Microsoft Visual Studio Solution File, Format Version 12.00
# Visual Studio Express 2013 for Web
VisualStudioVersion = 12.0.30501.0
MinimumVisualStudioVersion = 10.0.40219.1
Project("{FAE04EC0-301F-11D3-BF4B-00C04F79EFBC}") = "server", "source/app-engine.csproj", "{6CE2E45A-6C06-4E17-A419-22E2626503FA}"
EndProject
Global
	GlobalSection(SolutionConfigurationPlatforms) = preSolution
		Debug|Any CPU = Debug|Any CPU
		Release|Any CPU = Release|Any CPU
	EndGlobalSection
	GlobalSection(ProjectConfigurationPlatforms) = postSolution
		{3D8FF2B1-422C-4461-AAF3-ED925DAFC12E}.Debug|Any CPU.ActiveCfg = Debug|Any CPU
		{3D8FF2B1-422C-4461-AAF3-ED925DAFC12E}.Debug|Any CPU.Build.0 = Debug|Any CPU
		{3D8FF2B1-422C-4461-AAF3-ED925DAFC12E}.Release|Any CPU.ActiveCfg = Release|Any CPU
		{3D8FF2B1-422C-4461-AAF3-ED925DAFC12E}.Release|Any CPU.Build.0 = Release|Any CPU
		{126DEB52-BF9A-4A87-B117-596CD3846498}.Debug|Any CPU.ActiveCfg = Debug|Any CPU
		{126DEB52-BF9A-4A87-B117-596CD3846498}.Debug|Any CPU.Build.0 = Debug|Any CPU
		{126DEB52-BF9A-4A87-B117-596CD3846498}.Release|Any CPU.ActiveCfg = Release|Any CPU
		{126DEB52-BF9A-4A87-B117-596CD3846498}.Release|Any CPU.Build.0 = Release|Any CPU
		{372AFB9B-8B19-44DE-B47D-24FEC2E0A9D8}.Debug|Any CPU.ActiveCfg = Debug|Any CPU
		{372AFB9B-8B19-44DE-B47D-24FEC2E0A9D8}.Debug|Any CPU.Build.0 = Debug|Any CPU
		{372AFB9B-8B19-44DE-B47D-24FEC2E0A9D8}.Release|Any CPU.ActiveCfg = Release|Any CPU
		{372AFB9B-8B19-44DE-B47D-24FEC2E0A9D8}.Release|Any CPU.Build.0 = Release|Any CPU
		{22B5C6EB-75A3-498C-B9E2-B283AAD15A60}.Debug|Any CPU.ActiveCfg = Debug|Any CPU
		{22B5C6EB-75A3-498C-B9E2-B283AAD15A60}.Debug|Any CPU.Build.0 = Debug|Any CPU
		{22B5C6EB-75A3-498C-B9E2-B283AAD15A60}.Release|Any CPU.ActiveCfg = Release|Any CPU
		{22B5C6EB-75A3-498C-B9E2-B283AAD15A60}.Release|Any CPU.Build.0 = Release|Any CPU
		{2FC8A600-4DB8-4FA7-93A1-A24688552724}.Debug|Any CPU.ActiveCfg = Debug|Any CPU
		{2FC8A600-4DB8-4FA7-93A1-A24688552724}.Debug|Any CPU.Build.0 = Debug|Any CPU
		{2FC8A600-4DB8-4FA7-93A1-A24688552724}.Release|Any CPU.ActiveCfg = Release|Any CPU
		{2FC8A600-4DB8-4FA7-93A1-A24688552724}.Release|Any CPU.Build.0 = Release|Any CPU
		{19CF8F76-8DC4-4B59-9014-77BECE2E5E0C}.Debug|Any CPU.ActiveCfg = Debug|Any CPU
		{19CF8F76-8DC4-4B59-9014-77BECE2E5E0C}.Debug|Any CPU.Build.0 = Debug|Any CPU
		{19CF8F76-8DC4-4B59-9014-77BECE2E5E0C}.Release|Any CPU.ActiveCfg = Release|Any CPU
		{19CF8F76-8DC4-4B59-9014-77BECE2E5E0C}.Release|Any CPU.Build.0 = Release|Any CPU
		{CBBE6790-4051-4025-BCEB-02A401FEC0DD}.Debug|Any CPU.ActiveCfg = Debug|Any CPU
		{CBBE6790-4051-4025-BCEB-02A401FEC0DD}.Debug|Any CPU.Build.0 = Debug|Any CPU
		{CBBE6790-4051-4025-BCEB-02A401FEC0DD}.Release|Any CPU.ActiveCfg = Release|Any CPU
		{CBBE6790-4051-4025-BCEB-02A401FEC0DD}.Release|Any CPU.Build.0 = Release|Any CPU
		{71CD9102-15F6-4F75-A28F-63EE0EC7CD34}.Debug|Any CPU.ActiveCfg = Debug|Any CPU
		{71CD9102-15F6-4F75-A28F-63EE0EC7CD34}.Debug|Any CPU.Build.0 = Debug|Any CPU
		{71CD9102-15F6-4F75-A28F-63EE0EC7CD34}.Release|Any CPU.ActiveCfg = Release|Any CPU
		{71CD9102-15F6-4F75-A28F-63EE0EC7CD34}.Release|Any CPU.Build.0 = Release|Any CPU
		{A5905B33-9C6F-4F56-A17E-21F5AE675EA8}.Debug|Any CPU.ActiveCfg = Debug|Any CPU
		{A5905B33-9C6F-4F56-A17E-21F5AE675EA8}.Debug|Any CPU.Build.0 = Debug|Any CPU
		{A5905B33-9C6F-4F56-A17E-21F5AE675EA8}.Release|Any CPU.ActiveCfg = Release|Any CPU
		{A5905B33-9C6F-4F56-A17E-21F5AE675EA8}.Release|Any CPU.Build.0 = Release|Any CPU
		{8C26AE2E-01A6-4895-8E5D-F391926D6F74}.Debug|Any CPU.ActiveCfg = Debug|Any CPU
		{8C26AE2E-01A6-4895-8E5D-F391926D6F74}.Debug|Any CPU.Build.0 = Debug|Any CPU
		{8C26AE2E-01A6-4895-8E5D-F391926D6F74}.Release|Any CPU.ActiveCfg = Release|Any CPU
		{8C26AE2E-01A6-4895-8E5D-F391926D6F74}.Release|Any CPU.Build.0 = Release|Any CPU
		{373D8456-C665-46CB-8725-0E36D8DF5467}.Debug|Any CPU.ActiveCfg = Debug|Any CPU
		{373D8456-C665-46CB-8725-0E36D8DF5467}.Debug|Any CPU.Build.0 = Debug|Any CPU
		{373D8456-C665-46CB-8725-0E36D8DF5467}.Release|Any CPU.ActiveCfg = Release|Any CPU
		{373D8456-C665-46CB-8725-0E36D8DF5467}.Release|Any CPU.Build.0 = Release|Any CPU
		{9521377E-D15C-4E4C-94AC-89583571A638}.Debug|Any CPU.ActiveCfg = Debug|Any CPU
		{9521377E-D15C-4E4C-94AC-89583571A638}.Debug|Any CPU.Build.0 = Debug|Any CPU
		{9521377E-D15C-4E4C-94AC-89583571A638}.Release|Any CPU.ActiveCfg = Release|Any CPU
		{9521377E-D15C-4E4C-94AC-89583571A638}.Release|Any CPU.Build.0 = Release|Any CPU
		{1EB77C85-E754-42B5-859C-5276C65F7EE4}.Debug|Any CPU.ActiveCfg = Debug|Any CPU
		{1EB77C85-E754-42B5-859C-5276C65F7EE4}.Debug|Any CPU.Build.0 = Debug|Any CPU
		{1EB77C85-E754-42B5-859C-5276C65F7EE4}.Release|Any CPU.ActiveCfg = Release|Any CPU
		{1EB77C85-E754-42B5-859C-5276C65F7EE4}.Release|Any CPU.Build.0 = Release|Any CPU
		{8CB64C74-CA3F-4064-90CA-1ADA1BB4655C}.Debug|Any CPU.ActiveCfg = Debug|Any CPU
		{8CB64C74-CA3F-4064-90CA-1ADA1BB4655C}.Debug|Any CPU.Build.0 = Debug|Any CPU
		{8CB64C74-CA3F-4064-90CA-1ADA1BB4655C}.Release|Any CPU.ActiveCfg = Release|Any CPU
		{8CB64C74-CA3F-4064-90CA-1ADA1BB4655C}.Release|Any CPU.Build.0 = Release|Any CPU
		{77383DA5-E336-4F0B-A04B-EBBF5E203A97}.Debug|Any CPU.ActiveCfg = Debug|Any CPU
		{77383DA5-E336-4F0B-A04B-EBBF5E203A97}.Debug|Any CPU.Build.0 = Debug|Any CPU
		{77383DA5-E336-4F0B-A04B-EBBF5E203A97}.Release|Any CPU.ActiveCfg = Release|Any CPU
		{77383DA5-E336-4F0B-A04B-EBBF5E203A97}.Release|Any CPU.Build.0 = Release|Any CPU
		{BF172E90-0A95-4F39-986E-E2F1C1C3E689}.Debug|Any CPU.ActiveCfg = Debug|Any CPU
		{BF172E90-0A95-4F39-986E-E2F1C1C3E689}.Debug|Any CPU.Build.0 = Debug|Any CPU
		{BF172E90-0A95-4F39-986E-E2F1C1C3E689}.Release|Any CPU.ActiveCfg = Release|Any CPU
		{BF172E90-0A95-4F39-986E-E2F1C1C3E689}.Release|Any CPU.Build.0 = Release|Any CPU
		{984741EF-9F9B-4F59-9E97-672E0BDECCA8}.Debug|Any CPU.ActiveCfg = Debug|Any CPU
		{984741EF-9F9B-4F59-9E97-672E0BDECCA8}.Debug|Any CPU.Build.0 = Debug|Any CPU
		{984741EF-9F9B-4F59-9E97-672E0BDECCA8}.Release|Any CPU.ActiveCfg = Release|Any CPU
		{984741EF-9F9B-4F59-9E97-672E0BDECCA8}.Release|Any CPU.Build.0 = Release|Any CPU
		{6CE2E45A-6C06-4E17-A419-22E2626503FA}.Debug|Any CPU.ActiveCfg = Debug|Any CPU
		{6CE2E45A-6C06-4E17-A419-22E2626503FA}.Debug|Any CPU.Build.0 = Debug|Any CPU
		{6CE2E45A-6C06-4E17-A419-22E2626503FA}.Release|Any CPU.ActiveCfg = Release|Any CPU
		{6CE2E45A-6C06-4E17-A419-22E2626503FA}.Release|Any CPU.Build.0 = Release|Any CPU
		{3243DF18-144E-493D-9FA6-766786D90C1F}.Debug|Any CPU.ActiveCfg = Debug|Any CPU
		{3243DF18-144E-493D-9FA6-766786D90C1F}.Debug|Any CPU.Build.0 = Debug|Any CPU
		{3243DF18-144E-493D-9FA6-766786D90C1F}.Release|Any CPU.ActiveCfg = Release|Any CPU
		{3243DF18-144E-493D-9FA6-766786D90C1F}.Release|Any CPU.Build.0 = Release|Any CPU
	EndGlobalSection
	GlobalSection(SolutionProperties) = preSolution
		HideSolutionNode = FALSE
	EndGlobalSection
EndGlobal
